
Microsoft Visual Studio Solution File, Format Version 12.00
# Visual Studio Version 16
VisualStudioVersion = 16.0.32228.343
MinimumVisualStudioVersion = 10.0.40219.1
Project("{8BC9CEB8-8B4A-11D0-8D11-00A0C91BC942}") = "chapter8-4", "chapter8-4\chapter8-4.vcxproj", "{24854087-2A3C-4F3E-B4D0-964F4350970E}"
EndProject
Global
	GlobalSection(SolutionConfigurationPlatforms) = preSolution
		Debug|x64 = Debug|x64
		Debug|x86 = Debug|x86
		Release|x64 = Release|x64
		Release|x86 = Release|x86
	EndGlobalSection
	GlobalSection(ProjectConfigurationPlatforms) = postSolution
		{24854087-2A3C-4F3E-B4D0-964F4350970E}.Debug|x64.ActiveCfg = Debug|x64
		{24854087-2A3C-4F3E-B4D0-964F4350970E}.Debug|x64.Build.0 = Debug|x64
		{24854087-2A3C-4F3E-B4D0-964F4350970E}.Debug|x86.ActiveCfg = Debug|Win32
		{24854087-2A3C-4F3E-B4D0-964F4350970E}.Debug|x86.Build.0 = Debug|Win32
		{24854087-2A3C-4F3E-B4D0-964F4350970E}.Release|x64.ActiveCfg = Release|x64
		{24854087-2A3C-4F3E-B4D0-964F4350970E}.Release|x64.Build.0 = Release|x64
		{24854087-2A3C-4F3E-B4D0-964F4350970E}.Release|x86.ActiveCfg = Release|Win32
		{24854087-2A3C-4F3E-B4D0-964F4350970E}.Release|x86.Build.0 = Release|Win32
	EndGlobalSection
	GlobalSection(SolutionProperties) = preSolution
		HideSolutionNode = FALSE
	EndGlobalSection
	GlobalSection(ExtensibilityGlobals) = postSolution
		SolutionGuid = {044C2F93-19B2-4419-BFA5-224056336026}
	EndGlobalSection
EndGlobal
